
Microsoft Visual Studio Solution File, Format Version 12.00
# Visual Studio Version 17
VisualStudioVersion = 17.1.32319.34
MinimumVisualStudioVersion = 10.0.40219.1
Project("{FAE04EC0-301F-11D3-BF4B-00C04F79EFBC}") = "PlazoFijoSistem", "PlazoFijoSistem\PlazoFijoSistem.csproj", "{C1928F52-752D-4AF3-BAF9-296F9A476CC2}"
EndProject
Global
	GlobalSection(SolutionConfigurationPlatforms) = preSolution
		Debug|Any CPU = Debug|Any CPU
		Release|Any CPU = Release|Any CPU
	EndGlobalSection
	GlobalSection(ProjectConfigurationPlatforms) = postSolution
		{C1928F52-752D-4AF3-BAF9-296F9A476CC2}.Debug|Any CPU.ActiveCfg = Debug|Any CPU
		{C1928F52-752D-4AF3-BAF9-296F9A476CC2}.Debug|Any CPU.Build.0 = Debug|Any CPU
		{C1928F52-752D-4AF3-BAF9-296F9A476CC2}.Release|Any CPU.ActiveCfg = Release|Any CPU
		{C1928F52-752D-4AF3-BAF9-296F9A476CC2}.Release|Any CPU.Build.0 = Release|Any CPU
	EndGlobalSection
	GlobalSection(SolutionProperties) = preSolution
		HideSolutionNode = FALSE
	EndGlobalSection
	GlobalSection(ExtensibilityGlobals) = postSolution
		SolutionGuid = {58972C5F-A5D3-4BFC-8739-C1A909E9D71E}
	EndGlobalSection
EndGlobal
